
Microsoft Visual Studio Solution File, Format Version 12.00
# Visual Studio Version 16
VisualStudioVersion = 16.0.30128.74
MinimumVisualStudioVersion = 10.0.40219.1
Project("{2150E333-8FDC-42A3-9474-1A3956D46DE8}") = "Easy", "Easy", "{85C0282E-AC55-449F-826A-E0E325C7B0DE}"
EndProject
Project("{2150E333-8FDC-42A3-9474-1A3956D46DE8}") = "Simple Array Sum", "Simple Array Sum", "{1D4FF016-9C1B-4C85-886E-199016F2D79A}"
EndProject
Project("{9A19103F-16F7-4668-BE54-9A1E7A4F7556}") = "SimpleArraySum", "SimpleArraySum\SimpleArraySum.csproj", "{942754B8-52D0-4A39-8B70-83C6500955B1}"
EndProject
Project("{2150E333-8FDC-42A3-9474-1A3956D46DE8}") = "Staircase", "Staircase", "{AD4EEE9C-E185-4DFE-A6B4-2E88654C4978}"
EndProject
Project("{9A19103F-16F7-4668-BE54-9A1E7A4F7556}") = "Stair_Case", "Stair_Case\Stair_Case.csproj", "{65E36189-17C2-4DA3-85CC-35C6F07F9502}"
EndProject
Project("{2150E333-8FDC-42A3-9474-1A3956D46DE8}") = "Birthday Cake Candles", "Birthday Cake Candles", "{431D89F3-910F-47D0-B5BE-40031BC537F6}"
EndProject
Project("{9A19103F-16F7-4668-BE54-9A1E7A4F7556}") = "BirthdayCakeCandles", "BirthdayCakeCandles\BirthdayCakeCandles.csproj", "{8F96062F-3CD2-4ECD-BCF0-A50856335478}"
EndProject
Project("{2150E333-8FDC-42A3-9474-1A3956D46DE8}") = "Breaking the Records", "Breaking the Records", "{36851BFF-CD5B-4ACE-A144-FF90B41FD369}"
EndProject
Project("{9A19103F-16F7-4668-BE54-9A1E7A4F7556}") = "BreakingTheRecords", "BreakingTheRecords\BreakingTheRecords.csproj", "{4863F7D1-2666-4D6F-B1A1-6DAF5D80EBA6}"
EndProject
Project("{2150E333-8FDC-42A3-9474-1A3956D46DE8}") = "Compare the Triplets", "Compare the Triplets", "{0347A669-7C72-403C-9502-8620521C342A}"
EndProject
Project("{FAE04EC0-301F-11D3-BF4B-00C04F79EFBC}") = "CompareTheTriplets", "CompareTheTriplets\CompareTheTriplets.csproj", "{0392CAE4-9E97-476E-BE65-5D9BFF138472}"
EndProject
Global
	GlobalSection(SolutionConfigurationPlatforms) = preSolution
		Debug|Any CPU = Debug|Any CPU
		Release|Any CPU = Release|Any CPU
	EndGlobalSection
	GlobalSection(ProjectConfigurationPlatforms) = postSolution
		{942754B8-52D0-4A39-8B70-83C6500955B1}.Debug|Any CPU.ActiveCfg = Debug|Any CPU
		{942754B8-52D0-4A39-8B70-83C6500955B1}.Debug|Any CPU.Build.0 = Debug|Any CPU
		{942754B8-52D0-4A39-8B70-83C6500955B1}.Release|Any CPU.ActiveCfg = Release|Any CPU
		{942754B8-52D0-4A39-8B70-83C6500955B1}.Release|Any CPU.Build.0 = Release|Any CPU
		{65E36189-17C2-4DA3-85CC-35C6F07F9502}.Debug|Any CPU.ActiveCfg = Debug|Any CPU
		{65E36189-17C2-4DA3-85CC-35C6F07F9502}.Debug|Any CPU.Build.0 = Debug|Any CPU
		{65E36189-17C2-4DA3-85CC-35C6F07F9502}.Release|Any CPU.ActiveCfg = Release|Any CPU
		{65E36189-17C2-4DA3-85CC-35C6F07F9502}.Release|Any CPU.Build.0 = Release|Any CPU
		{8F96062F-3CD2-4ECD-BCF0-A50856335478}.Debug|Any CPU.ActiveCfg = Debug|Any CPU
		{8F96062F-3CD2-4ECD-BCF0-A50856335478}.Debug|Any CPU.Build.0 = Debug|Any CPU
		{8F96062F-3CD2-4ECD-BCF0-A50856335478}.Release|Any CPU.ActiveCfg = Release|Any CPU
		{8F96062F-3CD2-4ECD-BCF0-A50856335478}.Release|Any CPU.Build.0 = Release|Any CPU
		{4863F7D1-2666-4D6F-B1A1-6DAF5D80EBA6}.Debug|Any CPU.ActiveCfg = Debug|Any CPU
		{4863F7D1-2666-4D6F-B1A1-6DAF5D80EBA6}.Debug|Any CPU.Build.0 = Debug|Any CPU
		{4863F7D1-2666-4D6F-B1A1-6DAF5D80EBA6}.Release|Any CPU.ActiveCfg = Release|Any CPU
		{4863F7D1-2666-4D6F-B1A1-6DAF5D80EBA6}.Release|Any CPU.Build.0 = Release|Any CPU
		{0392CAE4-9E97-476E-BE65-5D9BFF138472}.Debug|Any CPU.ActiveCfg = Debug|Any CPU
		{0392CAE4-9E97-476E-BE65-5D9BFF138472}.Debug|Any CPU.Build.0 = Debug|Any CPU
		{0392CAE4-9E97-476E-BE65-5D9BFF138472}.Release|Any CPU.ActiveCfg = Release|Any CPU
		{0392CAE4-9E97-476E-BE65-5D9BFF138472}.Release|Any CPU.Build.0 = Release|Any CPU
	EndGlobalSection
	GlobalSection(SolutionProperties) = preSolution
		HideSolutionNode = FALSE
	EndGlobalSection
	GlobalSection(NestedProjects) = preSolution
		{1D4FF016-9C1B-4C85-886E-199016F2D79A} = {85C0282E-AC55-449F-826A-E0E325C7B0DE}
		{942754B8-52D0-4A39-8B70-83C6500955B1} = {1D4FF016-9C1B-4C85-886E-199016F2D79A}
		{AD4EEE9C-E185-4DFE-A6B4-2E88654C4978} = {85C0282E-AC55-449F-826A-E0E325C7B0DE}
		{65E36189-17C2-4DA3-85CC-35C6F07F9502} = {AD4EEE9C-E185-4DFE-A6B4-2E88654C4978}
		{431D89F3-910F-47D0-B5BE-40031BC537F6} = {85C0282E-AC55-449F-826A-E0E325C7B0DE}
		{8F96062F-3CD2-4ECD-BCF0-A50856335478} = {431D89F3-910F-47D0-B5BE-40031BC537F6}
		{36851BFF-CD5B-4ACE-A144-FF90B41FD369} = {85C0282E-AC55-449F-826A-E0E325C7B0DE}
		{4863F7D1-2666-4D6F-B1A1-6DAF5D80EBA6} = {36851BFF-CD5B-4ACE-A144-FF90B41FD369}
		{0347A669-7C72-403C-9502-8620521C342A} = {85C0282E-AC55-449F-826A-E0E325C7B0DE}
		{0392CAE4-9E97-476E-BE65-5D9BFF138472} = {0347A669-7C72-403C-9502-8620521C342A}
	EndGlobalSection
	GlobalSection(ExtensibilityGlobals) = postSolution
		SolutionGuid = {FFE8CE60-90D4-4388-8515-BD527877018A}
	EndGlobalSection
EndGlobal
